PODS:
  - Alamofire (4.6.0)
  - ObjectMapper (3.1.0)

DEPENDENCIES:
  - Alamofire
  - ObjectMapper

SPEC CHECKSUMS:
  Alamofire: f41a599bd63041760b26d393ec1069d9d7b917f4
  ObjectMapper: 20505058f54e5c3ca69e1d6de9897d152a5369a6

PODFILE CHECKSUM: 0fc12a71c5d4f89ddbb624c823d423429ae3d4c6

COCOAPODS: 1.1.1
