// !$*UTF8*$!
{
	archiveVersion = 1;
	classes = {
	};
	objectVersion = 48;
	objects = {

/* Begin PBXBuildFile section */
		7B3B003A9D975A303630D3BE /* Pods_XL_APP.framework in Frameworks */ = {isa = PBXBuildFile; fileRef = DF4853445D56196A911BD95A /* Pods_XL_APP.framework */; };
		AC42D1D3203B415300479782 /* TimeSerie.swift in Sources */ = {isa = PBXBuildFile; fileRef = AC42D1D2203B415300479782 /* TimeSerie.swift */; };
		AC504EC5203B5C6B008E6C18 /* DataFetch.swift in Sources */ = {isa = PBXBuildFile; fileRef = AC504EC4203B5C6B008E6C18 /* DataFetch.swift */; };
		ACA362A220379226005B5247 /* AppDelegate.swift in Sources */ = {isa = PBXBuildFile; fileRef = ACA362A120379226005B5247 /* AppDelegate.swift */; };
		ACA362A420379226005B5247 /* ViewController.swift in Sources */ = {isa = PBXBuildFile; fileRef = ACA362A320379226005B5247 /* ViewController.swift */; };
		ACA362A720379226005B5247 /* Main.storyboard in Resources */ = {isa = PBXBuildFile; fileRef = ACA362A520379226005B5247 /* Main.storyboard */; };
		ACA362AA20379226005B5247 /* XL_APP.xcdatamodeld in Sources */ = {isa = PBXBuildFile; fileRef = ACA362A820379226005B5247 /* XL_APP.xcdatamodeld */; };
		ACA362AC20379226005B5247 /* Assets.xcassets in Resources */ = {isa = PBXBuildFile; fileRef = ACA362AB20379226005B5247 /* Assets.xcassets */; };
		ACA362AF20379226005B5247 /* LaunchScreen.storyboard in Resources */ = {isa = PBXBuildFile; fileRef = ACA362AD20379226005B5247 /* LaunchScreen.storyboard */; };
		ACD250EF203B96F700A9FCE1 /* Portfolio.swift in Sources */ = {isa = PBXBuildFile; fileRef = ACD250EE203B96F700A9FCE1 /* Portfolio.swift */; };
		ACEBD8F9203B7A2E00C22480 /* AVKey.swift in Sources */ = {isa = PBXBuildFile; fileRef = ACEBD8F8203B7A2E00C22480 /* AVKey.swift */; };
		ACEBD8FC203B7B8500C22480 /* StockURL.swift in Sources */ = {isa = PBXBuildFile; fileRef = ACEBD8FB203B7B8500C22480 /* StockURL.swift */; };
		ACEBD901203B8F5200C22480 /* PortfolioSearchViewController.swift in Sources */ = {isa = PBXBuildFile; fileRef = ACEBD900203B8F5200C22480 /* PortfolioSearchViewController.swift */; };
/* End PBXBuildFile section */

/* Begin PBXFileReference section */
		3DBF643E06732B18041C09D3 /* Pods-XL_APP.release.xcconfig */ = {isa = PBXFileReference; includeInIndex = 1; lastKnownFileType = text.xcconfig; name = "Pods-XL_APP.release.xcconfig"; path = "Pods/Target Support Files/Pods-XL_APP/Pods-XL_APP.release.xcconfig"; sourceTree = "<group>"; };
		55D69CF1B6D27E0FC59C67AA /* Pods-XL_APP.debug.xcconfig */ = {isa = PBXFileReference; includeInIndex = 1; lastKnownFileType = text.xcconfig; name = "Pods-XL_APP.debug.xcconfig"; path = "Pods/Target Support Files/Pods-XL_APP/Pods-XL_APP.debug.xcconfig"; sourceTree = "<group>"; };
		AC42D1D2203B415300479782 /* TimeSerie.swift */ = {isa = PBXFileReference; lastKnownFileType = sourcecode.swift; path = TimeSerie.swift; sourceTree = "<group>"; };
		AC504EC4203B5C6B008E6C18 /* DataFetch.swift */ = {isa = PBXFileReference; lastKnownFileType = sourcecode.swift; path = DataFetch.swift; sourceTree = "<group>"; };
		ACA3629E20379226005B5247 /* XL_APP.app */ = {isa = PBXFileReference; explicitFileType = wrapper.application; includeInIndex = 0; path = XL_APP.app; sourceTree = BUILT_PRODUCTS_DIR; };
		ACA362A120379226005B5247 /* AppDelegate.swift */ = {isa = PBXFileReference; lastKnownFileType = sourcecode.swift; path = AppDelegate.swift; sourceTree = "<group>"; };
		ACA362A320379226005B5247 /* ViewController.swift */ = {isa = PBXFileReference; lastKnownFileType = sourcecode.swift; path = ViewController.swift; sourceTree = "<group>"; };
		ACA362A620379226005B5247 /* Base */ = {isa = PBXFileReference; lastKnownFileType = file.storyboard; name = Base; path = Base.lproj/Main.storyboard; sourceTree = "<group>"; };
		ACA362A920379226005B5247 /* XL_APP.xcdatamodel */ = {isa = PBXFileReference; lastKnownFileType = wrapper.xcdatamodel; path = XL_APP.xcdatamodel; sourceTree = "<group>"; };
		ACA362AB20379226005B5247 /* Assets.xcassets */ = {isa = PBXFileReference; lastKnownFileType = folder.assetcatalog; path = Assets.xcassets; sourceTree = "<group>"; };
		ACA362AE20379226005B5247 /* Base */ = {isa = PBXFileReference; lastKnownFileType = file.storyboard; name = Base; path = Base.lproj/LaunchScreen.storyboard; sourceTree = "<group>"; };
		ACA362B020379226005B5247 /* Info.plist */ = {isa = PBXFileReference; lastKnownFileType = text.plist.xml; path = Info.plist; sourceTree = "<group>"; };
		ACD250EE203B96F700A9FCE1 /* Portfolio.swift */ = {isa = PBXFileReference; lastKnownFileType = sourcecode.swift; path = Portfolio.swift; sourceTree = "<group>"; };
		ACEBD8F8203B7A2E00C22480 /* AVKey.swift */ = {isa = PBXFileReference; lastKnownFileType = sourcecode.swift; path = AVKey.swift; sourceTree = "<group>"; };
		ACEBD8FB203B7B8500C22480 /* StockURL.swift */ = {isa = PBXFileReference; lastKnownFileType = sourcecode.swift; path = StockURL.swift; sourceTree = "<group>"; };
		ACEBD900203B8F5200C22480 /* PortfolioSearchViewController.swift */ = {isa = PBXFileReference; fileEncoding = 4; lastKnownFileType = sourcecode.swift; path = PortfolioSearchViewController.swift; sourceTree = "<group>"; };
		DF4853445D56196A911BD95A /* Pods_XL_APP.framework */ = {isa = PBXFileReference; explicitFileType = wrapper.framework; includeInIndex = 0; path = Pods_XL_APP.framework; sourceTree = BUILT_PRODUCTS_DIR; };
/* End PBXFileReference section */

/* Begin PBXFrameworksBuildPhase section */
		ACA3629B20379226005B5247 /* Frameworks */ = {
			isa = PBXFrameworksBuildPhase;
			buildActionMask = 2147483647;
			files = (
				7B3B003A9D975A303630D3BE /* Pods_XL_APP.framework in Frameworks */,
			);
			runOnlyForDeploymentPostprocessing = 0;
		};
/* End PBXFrameworksBuildPhase section */

/* Begin PBXGroup section */
		0E2C93212D2B849E780E1635 /* Pods */ = {
			isa = PBXGroup;
			children = (
				55D69CF1B6D27E0FC59C67AA /* Pods-XL_APP.debug.xcconfig */,
				3DBF643E06732B18041C09D3 /* Pods-XL_APP.release.xcconfig */,
			);
			name = Pods;
			sourceTree = "<group>";
		};
		AC504EC3203B5C5B008E6C18 /* DataFetch */ = {
			isa = PBXGroup;
			children = (
				AC504EC4203B5C6B008E6C18 /* DataFetch.swift */,
			);
			path = DataFetch;
			sourceTree = "<group>";
		};
		ACA3629520379226005B5247 = {
			isa = PBXGroup;
			children = (
				ACA362A020379226005B5247 /* XL_APP */,
				ACA3629F20379226005B5247 /* Products */,
				0E2C93212D2B849E780E1635 /* Pods */,
				F68A94BB66073945E6FF3E49 /* Frameworks */,
			);
			sourceTree = "<group>";
		};
		ACA3629F20379226005B5247 /* Products */ = {
			isa = PBXGroup;
			children = (
				ACA3629E20379226005B5247 /* XL_APP.app */,
			);
			name = Products;
			sourceTree = "<group>";
		};
		ACA362A020379226005B5247 /* XL_APP */ = {
			isa = PBXGroup;
			children = (
				ACEBD8FD203B8DE100C22480 /* ViewController */,
				ACEBD8FA203B7B6F00C22480 /* StockSearch */,
				ACEBD8F7203B7A1500C22480 /* Singleton */,
				AC504EC3203B5C5B008E6C18 /* DataFetch */,
				ACCFEDCC2038D621002DB080 /* Model */,
				ACA362A120379226005B5247 /* AppDelegate.swift */,
				ACA362A520379226005B5247 /* Main.storyboard */,
				ACA362AB20379226005B5247 /* Assets.xcassets */,
				ACA362AD20379226005B5247 /* LaunchScreen.storyboard */,
				ACA362B020379226005B5247 /* Info.plist */,
				ACA362A820379226005B5247 /* XL_APP.xcdatamodeld */,
			);
			path = XL_APP;
			sourceTree = "<group>";
		};
		ACCFEDCC2038D621002DB080 /* Model */ = {
			isa = PBXGroup;
			children = (
				AC42D1D2203B415300479782 /* TimeSerie.swift */,
				ACD250EE203B96F700A9FCE1 /* Portfolio.swift */,
			);
			path = Model;
			sourceTree = "<group>";
		};
		ACEBD8F7203B7A1500C22480 /* Singleton */ = {
			isa = PBXGroup;
			children = (
				ACEBD8F8203B7A2E00C22480 /* AVKey.swift */,
			);
			path = Singleton;
			sourceTree = "<group>";
		};
		ACEBD8FA203B7B6F00C22480 /* StockSearch */ = {
			isa = PBXGroup;
			children = (
				ACEBD8FB203B7B8500C22480 /* StockURL.swift */,
			);
			path = StockSearch;
			sourceTree = "<group>";
		};
		ACEBD8FD203B8DE100C22480 /* ViewController */ = {
			isa = PBXGroup;
			children = (
				ACEBD900203B8F5200C22480 /* PortfolioSearchViewController.swift */,
				ACA362A320379226005B5247 /* ViewController.swift */,
			);
			path = ViewController;
			sourceTree = "<group>";
		};
		F68A94BB66073945E6FF3E49 /* Frameworks */ = {
			isa = PBXGroup;
			children = (
				DF4853445D56196A911BD95A /* Pods_XL_APP.framework */,
			);
			name = Frameworks;
			sourceTree = "<group>";
		};
/* End PBXGroup section */

/* Begin PBXNativeTarget section */
		ACA3629D20379226005B5247 /* XL_APP */ = {
			isa = PBXNativeTarget;
			buildConfigurationList = ACA362B320379226005B5247 /* Build configuration list for PBXNativeTarget "XL_APP" */;
			buildPhases = (
				BF4C31DBE4213FAB49817D07 /* [CP] Check Pods Manifest.lock */,
				ACA3629A20379226005B5247 /* Sources */,
				ACA3629B20379226005B5247 /* Frameworks */,
				ACA3629C20379226005B5247 /* Resources */,
				4B9DA1C56A012D128D07F0CA /* [CP] Embed Pods Frameworks */,
				9D0F4F2FA077541662C2BBD1 /* [CP] Copy Pods Resources */,
			);
			buildRules = (
			);
			dependencies = (
			);
			name = XL_APP;
			productName = XL_APP;
			productReference = ACA3629E20379226005B5247 /* XL_APP.app */;
			productType = "com.apple.product-type.application";
		};
/* End PBXNativeTarget section */

/* Begin PBXProject section */
		ACA3629620379226005B5247 /* Project object */ = {
			isa = PBXProject;
			attributes = {
				LastSwiftUpdateCheck = 0920;
				LastUpgradeCheck = 0920;
				ORGANIZATIONNAME = "Everton Miranda Vitório";
				TargetAttributes = {
					ACA3629D20379226005B5247 = {
						CreatedOnToolsVersion = 9.2;
						LastSwiftMigration = 0920;
						ProvisioningStyle = Automatic;
					};
				};
			};
			buildConfigurationList = ACA3629920379226005B5247 /* Build configuration list for PBXProject "XL_APP" */;
			compatibilityVersion = "Xcode 8.0";
			developmentRegion = en;
			hasScannedForEncodings = 0;
			knownRegions = (
				en,
				Base,
			);
			mainGroup = ACA3629520379226005B5247;
			productRefGroup = ACA3629F20379226005B5247 /* Products */;
			projectDirPath = "";
			projectRoot = "";
			targets = (
				ACA3629D20379226005B5247 /* XL_APP */,
			);
		};
/* End PBXProject section */

/* Begin PBXResourcesBuildPhase section */
		ACA3629C20379226005B5247 /* Resources */ = {
			isa = PBXResourcesBuildPhase;
			buildActionMask = 2147483647;
			files = (
				ACA362AF20379226005B5247 /* LaunchScreen.storyboard in Resources */,
				ACA362AC20379226005B5247 /* Assets.xcassets in Resources */,
				ACA362A720379226005B5247 /* Main.storyboard in Resources */,
			);
			runOnlyForDeploymentPostprocessing = 0;
		};
/* End PBXResourcesBuildPhase section */

/* Begin PBXShellScriptBuildPhase section */
		4B9DA1C56A012D128D07F0CA /* [CP] Embed Pods Frameworks */ = {
			isa = PBXShellScriptBuildPhase;
			buildActionMask = 2147483647;
			files = (
			);
			inputPaths = (
				"${SRCROOT}/Pods/Target Support Files/Pods-XL_APP/Pods-XL_APP-frameworks.sh",
				"${BUILT_PRODUCTS_DIR}/Alamofire/Alamofire.framework",
			);
			name = "[CP] Embed Pods Frameworks";
			outputPaths = (
				"${TARGET_BUILD_DIR}/${FRAMEWORKS_FOLDER_PATH}/Alamofire.framework",
			);
			runOnlyForDeploymentPostprocessing = 0;
			shellPath = /bin/sh;
			shellScript = "\"${SRCROOT}/Pods/Target Support Files/Pods-XL_APP/Pods-XL_APP-frameworks.sh\"\n";
			showEnvVarsInLog = 0;
		};
		9D0F4F2FA077541662C2BBD1 /* [CP] Copy Pods Resources */ = {
			isa = PBXShellScriptBuildPhase;
			buildActionMask = 2147483647;
			files = (
			);
			inputPaths = (
			);
			name = "[CP] Copy Pods Resources";
			outputPaths = (
			);
			runOnlyForDeploymentPostprocessing = 0;
			shellPath = /bin/sh;
			shellScript = "\"${SRCROOT}/Pods/Target Support Files/Pods-XL_APP/Pods-XL_APP-resources.sh\"\n";
			showEnvVarsInLog = 0;
		};
		BF4C31DBE4213FAB49817D07 /* [CP] Check Pods Manifest.lock */ = {
			isa = PBXShellScriptBuildPhase;
			buildActionMask = 2147483647;
			files = (
			);
			inputPaths = (
				"${PODS_PODFILE_DIR_PATH}/Podfile.lock",
				"${PODS_ROOT}/Manifest.lock",
			);
			name = "[CP] Check Pods Manifest.lock";
			outputPaths = (
				"$(DERIVED_FILE_DIR)/Pods-XL_APP-checkManifestLockResult.txt",
			);
			runOnlyForDeploymentPostprocessing = 0;
			shellPath = /bin/sh;
			shellScript = "diff \"${PODS_PODFILE_DIR_PATH}/Podfile.lock\" \"${PODS_ROOT}/Manifest.lock\" > /dev/null\nif [ $? != 0 ] ; then\n    # print error to STDERR\n    echo \"error: The sandbox is not in sync with the Podfile.lock. Run 'pod install' or update your CocoaPods installation.\" >&2\n    exit 1\nfi\n# This output is used by Xcode 'outputs' to avoid re-running this script phase.\necho \"SUCCESS\" > \"${SCRIPT_OUTPUT_FILE_0}\"\n";
			showEnvVarsInLog = 0;
		};
/* End PBXShellScriptBuildPhase section */

/* Begin PBXSourcesBuildPhase section */
		ACA3629A20379226005B5247 /* Sources */ = {
			isa = PBXSourcesBuildPhase;
			buildActionMask = 2147483647;
			files = (
				ACA362A420379226005B5247 /* ViewController.swift in Sources */,
				ACEBD901203B8F5200C22480 /* PortfolioSearchViewController.swift in Sources */,
				AC42D1D3203B415300479782 /* TimeSerie.swift in Sources */,
				ACD250EF203B96F700A9FCE1 /* Portfolio.swift in Sources */,
				ACEBD8FC203B7B8500C22480 /* StockURL.swift in Sources */,
				AC504EC5203B5C6B008E6C18 /* DataFetch.swift in Sources */,
				ACA362A220379226005B5247 /* AppDelegate.swift in Sources */,
				ACEBD8F9203B7A2E00C22480 /* AVKey.swift in Sources */,
				ACA362AA20379226005B5247 /* XL_APP.xcdatamodeld in Sources */,
			);
			runOnlyForDeploymentPostprocessing = 0;
		};
/* End PBXSourcesBuildPhase section */

/* Begin PBXVariantGroup section */
		ACA362A520379226005B5247 /* Main.storyboard */ = {
			isa = PBXVariantGroup;
			children = (
				ACA362A620379226005B5247 /* Base */,
			);
			name = Main.storyboard;
			sourceTree = "<group>";
		};
		ACA362AD20379226005B5247 /* LaunchScreen.storyboard */ = {
			isa = PBXVariantGroup;
			children = (
				ACA362AE20379226005B5247 /* Base */,
			);
			name = LaunchScreen.storyboard;
			sourceTree = "<group>";
		};
/* End PBXVariantGroup section */

/* Begin XCBuildConfiguration section */
		ACA362B120379226005B5247 /* Debug */ = {
			isa = XCBuildConfiguration;
			buildSettings = {
				ALWAYS_SEARCH_USER_PATHS = NO;
				CLANG_ANALYZER_NONNULL = YES;
				CLANG_ANALYZER_NUMBER_OBJECT_CONVERSION = YES_AGGRESSIVE;
				CLANG_CXX_LANGUAGE_STANDARD = "gnu++14";
				CLANG_CXX_LIBRARY = "libc++";
				CLANG_ENABLE_MODULES = YES;
				CLANG_ENABLE_OBJC_ARC = YES;
				CLANG_WARN_BLOCK_CAPTURE_AUTORELEASING = YES;
				CLANG_WARN_BOOL_CONVERSION = YES;
				CLANG_WARN_COMMA = YES;
				CLANG_WARN_CONSTANT_CONVERSION = YES;
				CLANG_WARN_DIRECT_OBJC_ISA_USAGE = YES_ERROR;
				CLANG_WARN_DOCUMENTATION_COMMENTS = YES;
				CLANG_WARN_EMPTY_BODY = YES;
				CLANG_WARN_ENUM_CONVERSION = YES;
				CLANG_WARN_INFINITE_RECURSION = YES;
				CLANG_WARN_INT_CONVERSION = YES;
				CLANG_WARN_NON_LITERAL_NULL_CONVERSION = YES;
				CLANG_WARN_OBJC_LITERAL_CONVERSION = YES;
				CLANG_WARN_OBJC_ROOT_CLASS = YES_ERROR;
				CLANG_WARN_RANGE_LOOP_ANALYSIS = YES;
				CLANG_WARN_STRICT_PROTOTYPES = YES;
				CLANG_WARN_SUSPICIOUS_MOVE = YES;
				CLANG_WARN_UNGUARDED_AVAILABILITY = YES_AGGRESSIVE;
				CLANG_WARN_UNREACHABLE_CODE = YES;
				CLANG_WARN__DUPLICATE_METHOD_MATCH = YES;
				CODE_SIGN_IDENTITY = "iPhone Developer";
				COPY_PHASE_STRIP = NO;
				DEBUG_INFORMATION_FORMAT = dwarf;
				ENABLE_STRICT_OBJC_MSGSEND = YES;
				ENABLE_TESTABILITY = YES;
				GCC_C_LANGUAGE_STANDARD = gnu11;
				GCC_DYNAMIC_NO_PIC = NO;
				GCC_NO_COMMON_BLOCKS = YES;
				GCC_OPTIMIZATION_LEVEL = 0;
				GCC_PREPROCESSOR_DEFINITIONS = (
					"DEBUG=1",
					"$(inherited)",
				);
				GCC_WARN_64_TO_32_BIT_CONVERSION = YES;
				GCC_WARN_ABOUT_RETURN_TYPE = YES_ERROR;
				GCC_WARN_UNDECLARED_SELECTOR = YES;
				GCC_WARN_UNINITIALIZED_AUTOS = YES_AGGRESSIVE;
				GCC_WARN_UNUSED_FUNCTION = YES;
				GCC_WARN_UNUSED_VARIABLE = YES;
				IPHONEOS_DEPLOYMENT_TARGET = 11.2;
				MTL_ENABLE_DEBUG_INFO = YES;
				ONLY_ACTIVE_ARCH = YES;
				SDKROOT = iphoneos;
				SWIFT_ACTIVE_COMPILATION_CONDITIONS = DEBUG;
				SWIFT_OPTIMIZATION_LEVEL = "-Onone";
			};
			name = Debug;
		};
		ACA362B220379226005B5247 /* Release */ = {
			isa = XCBuildConfiguration;
			buildSettings = {
				ALWAYS_SEARCH_USER_PATHS = NO;
				CLANG_ANALYZER_NONNULL = YES;
				CLANG_ANALYZER_NUMBER_OBJECT_CONVERSION = YES_AGGRESSIVE;
				CLANG_CXX_LANGUAGE_STANDARD = "gnu++14";
				CLANG_CXX_LIBRARY = "libc++";
				CLANG_ENABLE_MODULES = YES;
				CLANG_ENABLE_OBJC_ARC = YES;
				CLANG_WARN_BLOCK_CAPTURE_AUTORELEASING = YES;
				CLANG_WARN_BOOL_CONVERSION = YES;
				CLANG_WARN_COMMA = YES;
				CLANG_WARN_CONSTANT_CONVERSION = YES;
				CLANG_WARN_DIRECT_OBJC_ISA_USAGE = YES_ERROR;
				CLANG_WARN_DOCUMENTATION_COMMENTS = YES;
				CLANG_WARN_EMPTY_BODY = YES;
				CLANG_WARN_ENUM_CONVERSION = YES;
				CLANG_WARN_INFINITE_RECURSION = YES;
				CLANG_WARN_INT_CONVERSION = YES;
				CLANG_WARN_NON_LITERAL_NULL_CONVERSION = YES;
				CLANG_WARN_OBJC_LITERAL_CONVERSION = YES;
				CLANG_WARN_OBJC_ROOT_CLASS = YES_ERROR;
				CLANG_WARN_RANGE_LOOP_ANALYSIS = YES;
				CLANG_WARN_STRICT_PROTOTYPES = YES;
				CLANG_WARN_SUSPICIOUS_MOVE = YES;
				CLANG_WARN_UNGUARDED_AVAILABILITY = YES_AGGRESSIVE;
				CLANG_WARN_UNREACHABLE_CODE = YES;
				CLANG_WARN__DUPLICATE_METHOD_MATCH = YES;
				CODE_SIGN_IDENTITY = "iPhone Developer";
				COPY_PHASE_STRIP = NO;
				DEBUG_INFORMATION_FORMAT = "dwarf-with-dsym";
				ENABLE_NS_ASSERTIONS = NO;
				ENABLE_STRICT_OBJC_MSGSEND = YES;
				GCC_C_LANGUAGE_STANDARD = gnu11;
				GCC_NO_COMMON_BLOCKS = YES;
				GCC_WARN_64_TO_32_BIT_CONVERSION = YES;
				GCC_WARN_ABOUT_RETURN_TYPE = YES_ERROR;
				GCC_WARN_UNDECLARED_SELECTOR = YES;
				GCC_WARN_UNINITIALIZED_AUTOS = YES_AGGRESSIVE;
				GCC_WARN_UNUSED_FUNCTION = YES;
				GCC_WARN_UNUSED_VARIABLE = YES;
				IPHONEOS_DEPLOYMENT_TARGET = 11.2;
				MTL_ENABLE_DEBUG_INFO = NO;
				SDKROOT = iphoneos;
				SWIFT_OPTIMIZATION_LEVEL = "-Owholemodule";
				VALIDATE_PRODUCT = YES;
			};
			name = Release;
		};
		ACA362B420379226005B5247 /* Debug */ = {
			isa = XCBuildConfiguration;
			baseConfigurationReference = 55D69CF1B6D27E0FC59C67AA /* Pods-XL_APP.debug.xcconfig */;
			buildSettings = {
				ASSETCATALOG_COMPILER_APPICON_NAME = AppIcon;
				CLANG_ENABLE_MODULES = YES;
				CODE_SIGN_STYLE = Automatic;
				INFOPLIST_FILE = XL_APP/Info.plist;
				LD_RUNPATH_SEARCH_PATHS = "$(inherited) @executable_path/Frameworks";
				PRODUCT_BUNDLE_IDENTIFIER = "EMV.XL-APP";
				PRODUCT_NAME = "$(TARGET_NAME)";
				SWIFT_OPTIMIZATION_LEVEL = "-Onone";
				SWIFT_VERSION = 4.0;
				TARGETED_DEVICE_FAMILY = "1,2";
			};
			name = Debug;
		};
		ACA362B520379226005B5247 /* Release */ = {
			isa = XCBuildConfiguration;
			baseConfigurationReference = 3DBF643E06732B18041C09D3 /* Pods-XL_APP.release.xcconfig */;
			buildSettings = {
				ASSETCATALOG_COMPILER_APPICON_NAME = AppIcon;
				CLANG_ENABLE_MODULES = YES;
				CODE_SIGN_STYLE = Automatic;
				INFOPLIST_FILE = XL_APP/Info.plist;
				LD_RUNPATH_SEARCH_PATHS = "$(inherited) @executable_path/Frameworks";
				PRODUCT_BUNDLE_IDENTIFIER = "EMV.XL-APP";
				PRODUCT_NAME = "$(TARGET_NAME)";
				SWIFT_VERSION = 4.0;
				TARGETED_DEVICE_FAMILY = "1,2";
			};
			name = Release;
		};
/* End XCBuildConfiguration section */

/* Begin XCConfigurationList section */
		ACA3629920379226005B5247 /* Build configuration list for PBXProject "XL_APP" */ = {
			isa = XCConfigurationList;
			buildConfigurations = (
				ACA362B120379226005B5247 /* Debug */,
				ACA362B220379226005B5247 /* Release */,
			);
			defaultConfigurationIsVisible = 0;
			defaultConfigurationName = Release;
		};
		ACA362B320379226005B5247 /* Build configuration list for PBXNativeTarget "XL_APP" */ = {
			isa = XCConfigurationList;
			buildConfigurations = (
				ACA362B420379226005B5247 /* Debug */,
				ACA362B520379226005B5247 /* Release */,
			);
			defaultConfigurationIsVisible = 0;
			defaultConfigurationName = Release;
		};
/* End XCConfigurationList section */

/* Begin XCVersionGroup section */
		ACA362A820379226005B5247 /* XL_APP.xcdatamodeld */ = {
			isa = XCVersionGroup;
			children = (
				ACA362A920379226005B5247 /* XL_APP.xcdatamodel */,
			);
			currentVersion = ACA362A920379226005B5247 /* XL_APP.xcdatamodel */;
			path = XL_APP.xcdatamodeld;
			sourceTree = "<group>";
			versionGroupType = wrapper.xcdatamodel;
		};
/* End XCVersionGroup section */
	};
	rootObject = ACA3629620379226005B5247 /* Project object */;
}
