
Microsoft Visual Studio Solution File, Format Version 12.00
# Visual Studio 15
VisualStudioVersion = 15.0.28307.779
MinimumVisualStudioVersion = 10.0.40219.1
Project("{FAE04EC0-301F-11D3-BF4B-00C04F79EFBC}") = "inventory", "inventory\inventory.csproj", "{2E006222-C71F-41E6-9443-F8A2EBEC5E9E}"
EndProject
Project("{FAE04EC0-301F-11D3-BF4B-00C04F79EFBC}") = "inventoryTests", "inventoryTests\inventoryTests.csproj", "{5BFF171D-49C8-4379-9F9C-41BDA5E41800}"
EndProject
Global
	GlobalSection(SolutionConfigurationPlatforms) = preSolution
		Debug|Any CPU = Debug|Any CPU
		Release|Any CPU = Release|Any CPU
	EndGlobalSection
	GlobalSection(ProjectConfigurationPlatforms) = postSolution
		{2E006222-C71F-41E6-9443-F8A2EBEC5E9E}.Debug|Any CPU.ActiveCfg = Debug|Any CPU
		{2E006222-C71F-41E6-9443-F8A2EBEC5E9E}.Debug|Any CPU.Build.0 = Debug|Any CPU
		{2E006222-C71F-41E6-9443-F8A2EBEC5E9E}.Release|Any CPU.ActiveCfg = Release|Any CPU
		{2E006222-C71F-41E6-9443-F8A2EBEC5E9E}.Release|Any CPU.Build.0 = Release|Any CPU
		{5BFF171D-49C8-4379-9F9C-41BDA5E41800}.Debug|Any CPU.ActiveCfg = Debug|Any CPU
		{5BFF171D-49C8-4379-9F9C-41BDA5E41800}.Debug|Any CPU.Build.0 = Debug|Any CPU
		{5BFF171D-49C8-4379-9F9C-41BDA5E41800}.Release|Any CPU.ActiveCfg = Release|Any CPU
		{5BFF171D-49C8-4379-9F9C-41BDA5E41800}.Release|Any CPU.Build.0 = Release|Any CPU
	EndGlobalSection
	GlobalSection(SolutionProperties) = preSolution
		HideSolutionNode = FALSE
	EndGlobalSection
	GlobalSection(ExtensibilityGlobals) = postSolution
		SolutionGuid = {24750019-2DBF-4E2D-8987-553F9230728B}
	EndGlobalSection
EndGlobal
